Microsoft Visual Studio Solution File, Format Version 12.00
# Visual Studio Version 17
VisualStudioVersion = 17.0.31903.59
MinimumVisualStudioVersion = 10.0.40219.1
Project("{B7EDEF7E-B3DE-4889-B79E-81F1E4EEA33E}") = "Project_7f509548126b421f8da40f0c052ab553_20250601200320507621", "Project_7f509548126b421f8da40f0c052ab553_20250601200320507621.csproj", "{B7EDEF7E-B3DE-4889-B79E-81F1E4EEA33E}"
EndProject
Global
    GlobalSection(SolutionConfigurationPlatforms) = preSolution
        Debug|Any CPU = Debug|Any CPU
        Release|Any CPU = Release|Any CPU
    EndGlobalSection
    GlobalSection(ProjectConfigurationPlatforms) = postSolution
        {B7EDEF7E-B3DE-4889-B79E-81F1E4EEA33E}.Debug|Any CPU.ActiveCfg = Debug|Any CPU
        {B7EDEF7E-B3DE-4889-B79E-81F1E4EEA33E}.Debug|Any CPU.Build.0 = Debug|Any CPU
        {B7EDEF7E-B3DE-4889-B79E-81F1E4EEA33E}.Release|Any CPU.ActiveCfg = Release|Any CPU
        {B7EDEF7E-B3DE-4889-B79E-81F1E4EEA33E}.Release|Any CPU.Build.0 = Release|Any CPU
    EndGlobalSection
EndGlobal